// !$*UTF8*$!
{
	archiveVersion = 1;
	classes = {
	};
	objectVersion = 46;
	objects = {

/* Begin PBXBuildFile section */
		D99EA7731BE6900600CDF61C /* AppDelegate.swift in Sources */ = {isa = PBXBuildFile; fileRef = D99EA7721BE6900600CDF61C /* AppDelegate.swift */; };
		D99EA7751BE6900600CDF61C /* ViewController.swift in Sources */ = {isa = PBXBuildFile; fileRef = D99EA7741BE6900600CDF61C /* ViewController.swift */; };
		D99EA7781BE6900600CDF61C /* Main.storyboard in Resources */ = {isa = PBXBuildFile; fileRef = D99EA7761BE6900600CDF61C /* Main.storyboard */; };
		D99EA77A1BE6900600CDF61C /* Assets.xcassets in Resources */ = {isa = PBXBuildFile; fileRef = D99EA7791BE6900600CDF61C /* Assets.xcassets */; };
		D99EA77D1BE6900600CDF61C /* LaunchScreen.storyboard in Resources */ = {isa = PBXBuildFile; fileRef = D99EA77B1BE6900600CDF61C /* LaunchScreen.storyboard */; };
		D99EA7851BE6906600CDF61C /* ViewBox.swift in Sources */ = {isa = PBXBuildFile; fileRef = D99EA7841BE6906600CDF61C /* ViewBox.swift */; };
/* End PBXBuildFile section */

/* Begin PBXFileReference section */
		D99EA76F1BE6900600CDF61C /* ViewBoxSample.app */ = {isa = PBXFileReference; explicitFileType = wrapper.application; includeInIndex = 0; path = ViewBoxSample.app; sourceTree = BUILT_PRODUCTS_DIR; };
		D99EA7721BE6900600CDF61C /* AppDelegate.swift */ = {isa = PBXFileReference; lastKnownFileType = sourcecode.swift; path = AppDelegate.swift; sourceTree = "<group>"; };
		D99EA7741BE6900600CDF61C /* ViewController.swift */ = {isa = PBXFileReference; lastKnownFileType = sourcecode.swift; path = ViewController.swift; sourceTree = "<group>"; };
		D99EA7771BE6900600CDF61C /* Base */ = {isa = PBXFileReference; lastKnownFileType = file.storyboard; name = Base; path = Base.lproj/Main.storyboard; sourceTree = "<group>"; };
		D99EA7791BE6900600CDF61C /* Assets.xcassets */ = {isa = PBXFileReference; lastKnownFileType = folder.assetcatalog; path = Assets.xcassets; sourceTree = "<group>"; };
		D99EA77C1BE6900600CDF61C /* Base */ = {isa = PBXFileReference; lastKnownFileType = file.storyboard; name = Base; path = Base.lproj/LaunchScreen.storyboard; sourceTree = "<group>"; };
		D99EA77E1BE6900600CDF61C /* Info.plist */ = {isa = PBXFileReference; lastKnownFileType = text.plist.xml; path = Info.plist; sourceTree = "<group>"; };
		D99EA7841BE6906600CDF61C /* ViewBox.swift */ = {isa = PBXFileReference; fileEncoding = 4; lastKnownFileType = sourcecode.swift; name = ViewBox.swift; path = ../ViewBox/ViewBox.swift; sourceTree = SOURCE_ROOT; };
/* End PBXFileReference section */

/* Begin PBXFrameworksBuildPhase section */
		D99EA76C1BE6900600CDF61C /* Frameworks */ = {
			isa = PBXFrameworksBuildPhase;
			buildActionMask = 2147483647;
			files = (
			);
			runOnlyForDeploymentPostprocessing = 0;
		};
/* End PBXFrameworksBuildPhase section */

/* Begin PBXGroup section */
		D99EA7661BE6900600CDF61C = {
			isa = PBXGroup;
			children = (
				D99EA7711BE6900600CDF61C /* ViewBoxSample */,
				D99EA7701BE6900600CDF61C /* Products */,
			);
			sourceTree = "<group>";
		};
		D99EA7701BE6900600CDF61C /* Products */ = {
			isa = PBXGroup;
			children = (
				D99EA76F1BE6900600CDF61C /* ViewBoxSample.app */,
			);
			name = Products;
			sourceTree = "<group>";
		};
		D99EA7711BE6900600CDF61C /* ViewBoxSample */ = {
			isa = PBXGroup;
			children = (
				D99EA7721BE6900600CDF61C /* AppDelegate.swift */,
				D99EA7741BE6900600CDF61C /* ViewController.swift */,
				D99EA7841BE6906600CDF61C /* ViewBox.swift */,
				D99EA7761BE6900600CDF61C /* Main.storyboard */,
				D99EA7791BE6900600CDF61C /* Assets.xcassets */,
				D99EA77B1BE6900600CDF61C /* LaunchScreen.storyboard */,
				D99EA77E1BE6900600CDF61C /* Info.plist */,
			);
			path = ViewBoxSample;
			sourceTree = "<group>";
		};
/* End PBXGroup section */

/* Begin PBXNativeTarget section */
		D99EA76E1BE6900600CDF61C /* ViewBoxSample */ = {
			isa = PBXNativeTarget;
			buildConfigurationList = D99EA7811BE6900600CDF61C /* Build configuration list for PBXNativeTarget "ViewBoxSample" */;
			buildPhases = (
				D99EA76B1BE6900600CDF61C /* Sources */,
				D99EA76C1BE6900600CDF61C /* Frameworks */,
				D99EA76D1BE6900600CDF61C /* Resources */,
			);
			buildRules = (
			);
			dependencies = (
			);
			name = ViewBoxSample;
			productName = ViewBoxSample;
			productReference = D99EA76F1BE6900600CDF61C /* ViewBoxSample.app */;
			productType = "com.apple.product-type.application";
		};
/* End PBXNativeTarget section */

/* Begin PBXProject section */
		D99EA7671BE6900600CDF61C /* Project object */ = {
			isa = PBXProject;
			attributes = {
				LastSwiftUpdateCheck = 0710;
				LastUpgradeCheck = 0710;
				ORGANIZATIONNAME = "Balance Software";
				TargetAttributes = {
					D99EA76E1BE6900600CDF61C = {
						CreatedOnToolsVersion = 7.1;
					};
				};
			};
			buildConfigurationList = D99EA76A1BE6900600CDF61C /* Build configuration list for PBXProject "ViewBoxSample" */;
			compatibilityVersion = "Xcode 3.2";
			developmentRegion = English;
			hasScannedForEncodings = 0;
			knownRegions = (
				en,
				Base,
			);
			mainGroup = D99EA7661BE6900600CDF61C;
			productRefGroup = D99EA7701BE6900600CDF61C /* Products */;
			projectDirPath = "";
			projectRoot = "";
			targets = (
				D99EA76E1BE6900600CDF61C /* ViewBoxSample */,
			);
		};
/* End PBXProject section */

/* Begin PBXResourcesBuildPhase section */
		D99EA76D1BE6900600CDF61C /* Resources */ = {
			isa = PBXResourcesBuildPhase;
			buildActionMask = 2147483647;
			files = (
				D99EA77D1BE6900600CDF61C /* LaunchScreen.storyboard in Resources */,
				D99EA77A1BE6900600CDF61C /* Assets.xcassets in Resources */,
				D99EA7781BE6900600CDF61C /* Main.storyboard in Resources */,
			);
			runOnlyForDeploymentPostprocessing = 0;
		};
/* End PBXResourcesBuildPhase section */

/* Begin PBXSourcesBuildPhase section */
		D99EA76B1BE6900600CDF61C /* Sources */ = {
			isa = PBXSourcesBuildPhase;
			buildActionMask = 2147483647;
			files = (
				D99EA7751BE6900600CDF61C /* ViewController.swift in Sources */,
				D99EA7731BE6900600CDF61C /* AppDelegate.swift in Sources */,
				D99EA7851BE6906600CDF61C /* ViewBox.swift in Sources */,
			);
			runOnlyForDeploymentPostprocessing = 0;
		};
/* End PBXSourcesBuildPhase section */

/* Begin PBXVariantGroup section */
		D99EA7761BE6900600CDF61C /* Main.storyboard */ = {
			isa = PBXVariantGroup;
			children = (
				D99EA7771BE6900600CDF61C /* Base */,
			);
			name = Main.storyboard;
			sourceTree = "<group>";
		};
		D99EA77B1BE6900600CDF61C /* LaunchScreen.storyboard */ = {
			isa = PBXVariantGroup;
			children = (
				D99EA77C1BE6900600CDF61C /* Base */,
			);
			name = LaunchScreen.storyboard;
			sourceTree = "<group>";
		};
/* End PBXVariantGroup section */

/* Begin XCBuildConfiguration section */
		D99EA77F1BE6900600CDF61C /* Debug */ = {
			isa = XCBuildConfiguration;
			buildSettings = {
				ALWAYS_SEARCH_USER_PATHS = NO;
				CLANG_CXX_LANGUAGE_STANDARD = "gnu++0x";
				CLANG_CXX_LIBRARY = "libc++";
				CLANG_ENABLE_MODULES = YES;
				CLANG_ENABLE_OBJC_ARC = YES;
				CLANG_WARN_BOOL_CONVERSION = YES;
				CLANG_WARN_CONSTANT_CONVERSION = YES;
				CLANG_WARN_DIRECT_OBJC_ISA_USAGE = YES_ERROR;
				CLANG_WARN_EMPTY_BODY = YES;
				CLANG_WARN_ENUM_CONVERSION = YES;
				CLANG_WARN_INT_CONVERSION = YES;
				CLANG_WARN_OBJC_ROOT_CLASS = YES_ERROR;
				CLANG_WARN_UNREACHABLE_CODE = YES;
				CLANG_WARN__DUPLICATE_METHOD_MATCH = YES;
				"CODE_SIGN_IDENTITY[sdk=iphoneos*]" = "iPhone Developer";
				COPY_PHASE_STRIP = NO;
				DEBUG_INFORMATION_FORMAT = dwarf;
				ENABLE_STRICT_OBJC_MSGSEND = YES;
				ENABLE_TESTABILITY = YES;
				GCC_C_LANGUAGE_STANDARD = gnu99;
				GCC_DYNAMIC_NO_PIC = NO;
				GCC_NO_COMMON_BLOCKS = YES;
				GCC_OPTIMIZATION_LEVEL = 0;
				GCC_PREPROCESSOR_DEFINITIONS = (
					"DEBUG=1",
					"$(inherited)",
				);
				GCC_WARN_64_TO_32_BIT_CONVERSION = YES;
				GCC_WARN_ABOUT_RETURN_TYPE = YES_ERROR;
				GCC_WARN_UNDECLARED_SELECTOR = YES;
				GCC_WARN_UNINITIALIZED_AUTOS = YES_AGGRESSIVE;
				GCC_WARN_UNUSED_FUNCTION = YES;
				GCC_WARN_UNUSED_VARIABLE = YES;
				IPHONEOS_DEPLOYMENT_TARGET = 9.1;
				MTL_ENABLE_DEBUG_INFO = YES;
				ONLY_ACTIVE_ARCH = YES;
				SDKROOT = iphoneos;
				SWIFT_OPTIMIZATION_LEVEL = "-Onone";
				TARGETED_DEVICE_FAMILY = "1,2";
			};
			name = Debug;
		};
		D99EA7801BE6900600CDF61C /* Release */ = {
			isa = XCBuildConfiguration;
			buildSettings = {
				ALWAYS_SEARCH_USER_PATHS = NO;
				CLANG_CXX_LANGUAGE_STANDARD = "gnu++0x";
				CLANG_CXX_LIBRARY = "libc++";
				CLANG_ENABLE_MODULES = YES;
				CLANG_ENABLE_OBJC_ARC = YES;
				CLANG_WARN_BOOL_CONVERSION = YES;
				CLANG_WARN_CONSTANT_CONVERSION = YES;
				CLANG_WARN_DIRECT_OBJC_ISA_USAGE = YES_ERROR;
				CLANG_WARN_EMPTY_BODY = YES;
				CLANG_WARN_ENUM_CONVERSION = YES;
				CLANG_WARN_INT_CONVERSION = YES;
				CLANG_WARN_OBJC_ROOT_CLASS = YES_ERROR;
				CLANG_WARN_UNREACHABLE_CODE = YES;
				CLANG_WARN__DUPLICATE_METHOD_MATCH = YES;
				"CODE_SIGN_IDENTITY[sdk=iphoneos*]" = "iPhone Developer";
				COPY_PHASE_STRIP = NO;
				DEBUG_INFORMATION_FORMAT = "dwarf-with-dsym";
				ENABLE_NS_ASSERTIONS = NO;
				ENABLE_STRICT_OBJC_MSGSEND = YES;
				GCC_C_LANGUAGE_STANDARD = gnu99;
				GCC_NO_COMMON_BLOCKS = YES;
				GCC_WARN_64_TO_32_BIT_CONVERSION = YES;
				GCC_WARN_ABOUT_RETURN_TYPE = YES_ERROR;
				GCC_WARN_UNDECLARED_SELECTOR = YES;
				GCC_WARN_UNINITIALIZED_AUTOS = YES_AGGRESSIVE;
				GCC_WARN_UNUSED_FUNCTION = YES;
				GCC_WARN_UNUSED_VARIABLE = YES;
				IPHONEOS_DEPLOYMENT_TARGET = 9.1;
				MTL_ENABLE_DEBUG_INFO = NO;
				SDKROOT = iphoneos;
				TARGETED_DEVICE_FAMILY = "1,2";
				VALIDATE_PRODUCT = YES;
			};
			name = Release;
		};
		D99EA7821BE6900600CDF61C /* Debug */ = {
			isa = XCBuildConfiguration;
			buildSettings = {
				ASSETCATALOG_COMPILER_APPICON_NAME = AppIcon;
				INFOPLIST_FILE = ViewBoxSample/Info.plist;
				IPHONEOS_DEPLOYMENT_TARGET = 7.0;
				LD_RUNPATH_SEARCH_PATHS = "$(inherited) @executable_path/Frameworks";
				PRODUCT_BUNDLE_IDENTIFIER = "com.balance-software.ViewBoxSample";
				PRODUCT_NAME = "$(TARGET_NAME)";
			};
			name = Debug;
		};
		D99EA7831BE6900600CDF61C /* Release */ = {
			isa = XCBuildConfiguration;
			buildSettings = {
				ASSETCATALOG_COMPILER_APPICON_NAME = AppIcon;
				INFOPLIST_FILE = ViewBoxSample/Info.plist;
				IPHONEOS_DEPLOYMENT_TARGET = 7.0;
				LD_RUNPATH_SEARCH_PATHS = "$(inherited) @executable_path/Frameworks";
				PRODUCT_BUNDLE_IDENTIFIER = "com.balance-software.ViewBoxSample";
				PRODUCT_NAME = "$(TARGET_NAME)";
			};
			name = Release;
		};
/* End XCBuildConfiguration section */

/* Begin XCConfigurationList section */
		D99EA76A1BE6900600CDF61C /* Build configuration list for PBXProject "ViewBoxSample" */ = {
			isa = XCConfigurationList;
			buildConfigurations = (
				D99EA77F1BE6900600CDF61C /* Debug */,
				D99EA7801BE6900600CDF61C /* Release */,
			);
			defaultConfigurationIsVisible = 0;
			defaultConfigurationName = Release;
		};
		D99EA7811BE6900600CDF61C /* Build configuration list for PBXNativeTarget "ViewBoxSample" */ = {
			isa = XCConfigurationList;
			buildConfigurations = (
				D99EA7821BE6900600CDF61C /* Debug */,
				D99EA7831BE6900600CDF61C /* Release */,
			);
			defaultConfigurationIsVisible = 0;
		};
/* End XCConfigurationList section */
	};
	rootObject = D99EA7671BE6900600CDF61C /* Project object */;
}
